
Microsoft Visual Studio Solution File, Format Version 12.00
# Visual Studio Version 17
VisualStudioVersion = 17.9.34622.214
MinimumVisualStudioVersion = 10.0.40219.1
Project("{9A19103F-16F7-4668-BE54-9A1E7A4F7556}") = "AS_Solo_Proj1.Server", "AS_Solo_Proj1.Server\AS_Solo_Proj1.Server.csproj", "{EE5AF245-1131-4210-B28B-932BEDAFE7E1}"
EndProject
Project("{54A90642-561A-4BB1-A94E-469ADEE60C69}") = "as_solo_proj1.client", "as_solo_proj1.client\as_solo_proj1.client.esproj", "{B6875849-3F3D-4BAF-B979-A912100FC250}"
EndProject
Project("{FAE04EC0-301F-11D3-BF4B-00C04F79EFBC}") = "AS_Solo_Proj1_Tests", "AS_Solo_Proj1_Tests\AS_Solo_Proj1_Tests.csproj", "{E4A0C6B3-980B-4708-BAA7-A9A94B187519}"
EndProject
Global
	GlobalSection(SolutionConfigurationPlatforms) = preSolution
		Debug|Any CPU = Debug|Any CPU
		Release|Any CPU = Release|Any CPU
	EndGlobalSection
	GlobalSection(ProjectConfigurationPlatforms) = postSolution
		{EE5AF245-1131-4210-B28B-932BEDAFE7E1}.Debug|Any CPU.ActiveCfg = Debug|Any CPU
		{EE5AF245-1131-4210-B28B-932BEDAFE7E1}.Debug|Any CPU.Build.0 = Debug|Any CPU
		{EE5AF245-1131-4210-B28B-932BEDAFE7E1}.Release|Any CPU.ActiveCfg = Release|Any CPU
		{EE5AF245-1131-4210-B28B-932BEDAFE7E1}.Release|Any CPU.Build.0 = Release|Any CPU
		{B6875849-3F3D-4BAF-B979-A912100FC250}.Debug|Any CPU.ActiveCfg = Debug|Any CPU
		{B6875849-3F3D-4BAF-B979-A912100FC250}.Debug|Any CPU.Build.0 = Debug|Any CPU
		{B6875849-3F3D-4BAF-B979-A912100FC250}.Debug|Any CPU.Deploy.0 = Debug|Any CPU
		{B6875849-3F3D-4BAF-B979-A912100FC250}.Release|Any CPU.ActiveCfg = Release|Any CPU
		{B6875849-3F3D-4BAF-B979-A912100FC250}.Release|Any CPU.Build.0 = Release|Any CPU
		{B6875849-3F3D-4BAF-B979-A912100FC250}.Release|Any CPU.Deploy.0 = Release|Any CPU
		{E4A0C6B3-980B-4708-BAA7-A9A94B187519}.Debug|Any CPU.ActiveCfg = Debug|Any CPU
		{E4A0C6B3-980B-4708-BAA7-A9A94B187519}.Debug|Any CPU.Build.0 = Debug|Any CPU
		{E4A0C6B3-980B-4708-BAA7-A9A94B187519}.Release|Any CPU.ActiveCfg = Release|Any CPU
		{E4A0C6B3-980B-4708-BAA7-A9A94B187519}.Release|Any CPU.Build.0 = Release|Any CPU
	EndGlobalSection
	GlobalSection(SolutionProperties) = preSolution
		HideSolutionNode = FALSE
	EndGlobalSection
	GlobalSection(ExtensibilityGlobals) = postSolution
		SolutionGuid = {D116E42D-4F47-44B5-A1F4-0F16CC98066D}
	EndGlobalSection
EndGlobal
